{
  "requires": true,
  "lockfileVersion": 1,
  "dependencies": {
    "@babel/code-frame": {
      "version": "7.10.4",
      "resolved": "https://registry.npm.taobao.org/@babel/code-frame/download/@babel/code-frame-7.10.4.tgz",
      "integrity": "sha1-Fo2ho26Q2miujUnA8bSMfGJJITo=",
      "requires": {
        "@babel/highlight": "^7.10.4"
      }
    },
    "@babel/generator": {
      "version": "7.10.5",
      "resolved": "https://registry.npm.taobao.org/@babel/generator/download/@babel/generator-7.10.5.tgz?cache=0&sync_timestamp=1594750806381&other_urls=https%3A%2F%2Fregistry.npm.taobao.org%2F%40babel%2Fgenerator%2Fdownload%2F%40babel%2Fgenerator-7.10.5.tgz",
      "integrity": "sha1-G5A1VLyMWD7o0l8eiWlzLmuCmmk=",
      "requires": {
        "@babel/types": "^7.10.5",
        "jsesc": "^2.5.1",
        "source-map": "^0.5.0"
      }
    },
    "@babel/helper-create-class-features-plugin": {
      "version": "7.10.5",
      "resolved": "https://registry.npm.taobao.org/@babel/helper-create-class-features-plugin/download/@babel/helper-create-class-features-plugin-7.10.5.tgz?cache=0&sync_timestamp=1594749163935&other_urls=https%3A%2F%2Fregistry.npm.taobao.org%2F%40babel%2Fhelper-create-class-features-plugin%2Fdownload%2F%40babel%2Fhelper-create-class-features-plugin-7.10.5.tgz",
      "integrity": "sha1-n2FEa6gOgkCwpchcb9rIRZ1vJZ0=",
      "requires": {
        "@babel/helper-function-name": "^7.10.4",
        "@babel/helper-member-expression-to-functions": "^7.10.5",
        "@babel/helper-optimise-call-expression": "^7.10.4",
        "@babel/helper-plugin-utils": "^7.10.4",
        "@babel/helper-replace-supers": "^7.10.4",
        "@babel/helper-split-export-declaration": "^7.10.4"
      }
    },
    "@babel/helper-function-name": {
      "version": "7.10.4",
      "resolved": "https://registry.npm.taobao.org/@babel/helper-function-name/download/@babel/helper-function-name-7.10.4.tgz",
      "integrity": "sha1-0tOyDFmtjEcRL6fSqUvAnV74Lxo=",
      "requires": {
        "@babel/helper-get-function-arity": "^7.10.4",
        "@babel/template": "^7.10.4",
        "@babel/types": "^7.10.4"
      }
    },
    "@babel/helper-get-function-arity": {
      "version": "7.10.4",
      "resolved": "https://registry.npm.taobao.org/@babel/helper-get-function-arity/download/@babel/helper-get-function-arity-7.10.4.tgz?cache=0&sync_timestamp=1593522827189&other_urls=https%3A%2F%2Fregistry.npm.taobao.org%2F%40babel%2Fhelper-get-function-arity%2Fdownload%2F%40babel%2Fhelper-get-function-arity-7.10.4.tgz",
      "integrity": "sha1-mMHL6g4jMvM/mkZhuM4VBbLBm6I=",
      "requires": {
        "@babel/types": "^7.10.4"
      }
    },
    "@babel/helper-member-expression-to-functions": {
      "version": "7.10.5",
      "resolved": "https://registry.npm.taobao.org/@babel/helper-member-expression-to-functions/download/@babel/helper-member-expression-to-functions-7.10.5.tgz?cache=0&sync_timestamp=1594750806986&other_urls=https%3A%2F%2Fregistry.npm.taobao.org%2F%40babel%2Fhelper-member-expression-to-functions%2Fdownload%2F%40babel%2Fhelper-member-expression-to-functions-7.10.5.tgz",
      "integrity": "sha1-Fy9W56Y+eBEvOgQFXyQ2WvcC5+4=",
      "requires": {
        "@babel/types": "^7.10.5"
      }
    },
    "@babel/helper-optimise-call-expression": {
      "version": "7.10.4",
      "resolved": "https://registry.npm.taobao.org/@babel/helper-optimise-call-expression/download/@babel/helper-optimise-call-expression-7.10.4.tgz?cache=0&sync_timestamp=1593522827576&other_urls=https%3A%2F%2Fregistry.npm.taobao.org%2F%40babel%2Fhelper-optimise-call-expression%2Fdownload%2F%40babel%2Fhelper-optimise-call-expression-7.10.4.tgz",
      "integrity": "sha1-UNyWQT1ZT5lad5BZBbBYk813lnM=",
      "requires": {
        "@babel/types": "^7.10.4"
      }
    },
    "@babel/helper-plugin-utils": {
      "version": "7.10.4",
      "resolved": "https://registry.npm.taobao.org/@babel/helper-plugin-utils/download/@babel/helper-plugin-utils-7.10.4.tgz?cache=0&sync_timestamp=1593521148758&other_urls=https%3A%2F%2Fregistry.npm.taobao.org%2F%40babel%2Fhelper-plugin-utils%2Fdownload%2F%40babel%2Fhelper-plugin-utils-7.10.4.tgz",
      "integrity": "sha1-L3WoMSadT2d95JmG3/WZJ1M883U="
    },
    "@babel/helper-replace-supers": {
      "version": "7.10.4",
      "resolved": "https://registry.npm.taobao.org/@babel/helper-replace-supers/download/@babel/helper-replace-supers-7.10.4.tgz",
      "integrity": "sha1-1YXNk4jqBuYDHkzUS2cTy+rZ5s8=",
      "requires": {
        "@babel/helper-member-expression-to-functions": "^7.10.4",
        "@babel/helper-optimise-call-expression": "^7.10.4",
        "@babel/traverse": "^7.10.4",
        "@babel/types": "^7.10.4"
      }
    },
    "@babel/helper-split-export-declaration": {
      "version": "7.10.4",
      "resolved": "https://registry.npm.taobao.org/@babel/helper-split-export-declaration/download/@babel/helper-split-export-declaration-7.10.4.tgz",
      "integrity": "sha1-LHBXbqo7VgmyTLmdsoiMw/xCUdE=",
      "requires": {
        "@babel/types": "^7.10.4"
      }
    },
    "@babel/helper-validator-identifier": {
      "version": "7.10.4",
      "resolved": "https://registry.npm.taobao.org/@babel/helper-validator-identifier/download/@babel/helper-validator-identifier-7.10.4.tgz?cache=0&sync_timestamp=1593522720715&other_urls=https%3A%2F%2Fregistry.npm.taobao.org%2F%40babel%2Fhelper-validator-identifier%2Fdownload%2F%40babel%2Fhelper-validator-identifier-7.10.4.tgz",
      "integrity": "sha1-p4x6clHgH2FlEtMbEK3PUq2l4NI="
    },
    "@babel/highlight": {
      "version": "7.10.4",
      "resolved": "https://registry.npm.taobao.org/@babel/highlight/download/@babel/highlight-7.10.4.tgz?cache=0&sync_timestamp=1593522818552&other_urls=https%3A%2F%2Fregistry.npm.taobao.org%2F%40babel%2Fhighlight%2Fdownload%2F%40babel%2Fhighlight-7.10.4.tgz",
      "integrity": "sha1-fRvf1ldTU4+r5sOFls23bZrGAUM=",
      "requires": {
        "@babel/helper-validator-identifier": "^7.10.4",
        "chalk": "^2.0.0",
        "js-tokens": "^4.0.0"
      },
      "dependencies": {
        "ansi-styles": {
          "version": "3.2.1",
          "resolved": "https://registry.npm.taobao.org/ansi-styles/download/ansi-styles-3.2.1.tgz?cache=0&sync_timestamp=1577903718856&other_urls=https%3A%2F%2Fregistry.npm.taobao.org%2Fansi-styles%2Fdownload%2Fansi-styles-3.2.1.tgz",
          "integrity": "sha1-QfuyAkPlCxK+DwS43tvwdSDOhB0=",
          "requires": {
            "color-convert": "^1.9.0"
          }
        },
        "chalk": {
          "version": "2.4.2",
          "resolved": "https://registry.npm.taobao.org/chalk/download/chalk-2.4.2.tgz?cache=0&sync_timestamp=1591687042638&other_urls=https%3A%2F%2Fregistry.npm.taobao.org%2Fchalk%2Fdownload%2Fchalk-2.4.2.tgz",
          "integrity": "sha1-zUJUFnelQzPPVBpJEIwUMrRMlCQ=",
          "requires": {
            "ansi-styles": "^3.2.1",
            "escape-string-regexp": "^1.0.5",
            "supports-color": "^5.3.0"
          }
        },
        "js-tokens": {
          "version": "4.0.0",
          "resolved": "https://registry.npm.taobao.org/js-tokens/download/js-tokens-4.0.0.tgz",
          "integrity": "sha1-GSA/tZmR35jjoocFDUZHzerzJJk="
        },
        "supports-color": {
          "version": "5.5.0",
          "resolved": "https://registry.npm.taobao.org/supports-color/download/supports-color-5.5.0.tgz",
          "integrity": "sha1-4uaaRKyHcveKHsCzW2id9lMO/I8=",
          "requires": {
            "has-flag": "^3.0.0"
          }
        }
      }
    },
    "@babel/parser": {
      "version": "7.10.5",
      "resolved": "https://registry.npm.taobao.org/@babel/parser/download/@babel/parser-7.10.5.tgz?cache=0&sync_timestamp=1594750803040&other_urls=https%3A%2F%2Fregistry.npm.taobao.org%2F%40babel%2Fparser%2Fdownload%2F%40babel%2Fparser-7.10.5.tgz",
      "integrity": "sha1-58a/Wn3v+VfOyfBLVR4nYpCdgms="
    },
    "@babel/plugin-proposal-decorators": {
      "version": "7.10.5",
      "resolved": "https://registry.npm.taobao.org/@babel/plugin-proposal-decorators/download/@babel/plugin-proposal-decorators-7.10.5.tgz?cache=0&sync_timestamp=1594749164662&other_urls=https%3A%2F%2Fregistry.npm.taobao.org%2F%40babel%2Fplugin-proposal-decorators%2Fdownload%2F%40babel%2Fplugin-proposal-decorators-7.10.5.tgz",
      "integrity": "sha1-QomLukeLxLGuJCpwOpU6etNQ/7Q=",
      "requires": {
        "@babel/helper-create-class-features-plugin": "^7.10.5",
        "@babel/helper-plugin-utils": "^7.10.4",
        "@babel/plugin-syntax-decorators": "^7.10.4"
      }
    },
    "@babel/plugin-syntax-decorators": {
      "version": "7.10.4",
      "resolved": "https://registry.npm.taobao.org/@babel/plugin-syntax-decorators/download/@babel/plugin-syntax-decorators-7.10.4.tgz?cache=0&sync_timestamp=1593521120720&other_urls=https%3A%2F%2Fregistry.npm.taobao.org%2F%40babel%2Fplugin-syntax-decorators%2Fdownload%2F%40babel%2Fplugin-syntax-decorators-7.10.4.tgz",
      "integrity": "sha1-aFMIWyxCn50yLQL1pjUBjN6yNgw=",
      "requires": {
        "@babel/helper-plugin-utils": "^7.10.4"
      }
    },
    "@babel/template": {
      "version": "7.10.4",
      "resolved": "https://registry.npm.taobao.org/@babel/template/download/@babel/template-7.10.4.tgz",
      "integrity": "sha1-MlGZbEIA68cdGo/EBfupQPNrong=",
      "requires": {
        "@babel/code-frame": "^7.10.4",
        "@babel/parser": "^7.10.4",
        "@babel/types": "^7.10.4"
      }
    },
    "@babel/traverse": {
      "version": "7.10.5",
      "resolved": "https://registry.npm.taobao.org/@babel/traverse/download/@babel/traverse-7.10.5.tgz?cache=0&sync_timestamp=1594750808293&other_urls=https%3A%2F%2Fregistry.npm.taobao.org%2F%40babel%2Ftraverse%2Fdownload%2F%40babel%2Ftraverse-7.10.5.tgz",
      "integrity": "sha1-d85GT1sli+Jlr2GNj93wU28gtWQ=",
      "requires": {
        "@babel/code-frame": "^7.10.4",
        "@babel/generator": "^7.10.5",
        "@babel/helper-function-name": "^7.10.4",
        "@babel/helper-split-export-declaration": "^7.10.4",
        "@babel/parser": "^7.10.5",
        "@babel/types": "^7.10.5",
        "debug": "^4.1.0",
        "globals": "^11.1.0",
        "lodash": "^4.17.19"
      },
      "dependencies": {
        "debug": {
          "version": "4.1.1",
          "resolved": "https://registry.npm.taobao.org/debug/download/debug-4.1.1.tgz",
          "integrity": "sha1-O3ImAlUQnGtYnO4FDx1RYTlmR5E=",
          "requires": {
            "ms": "^2.1.1"
          }
        },
        "globals": {
          "version": "11.12.0",
          "resolved": "https://registry.npm.taobao.org/globals/download/globals-11.12.0.tgz",
          "integrity": "sha1-q4eVM4hooLq9hSV1gBjCp+uVxC4="
        },
        "ms": {
          "version": "2.1.2",
          "resolved": "https://registry.npm.taobao.org/ms/download/ms-2.1.2.tgz",
          "integrity": "sha1-0J0fNXtEP0kzgqjrPM0YOHKuYAk="
        }
      }
    },
    "@babel/types": {
      "version": "7.10.5",
      "resolved": "https://registry.npm.taobao.org/@babel/types/download/@babel/types-7.10.5.tgz?cache=0&sync_timestamp=1594750805733&other_urls=https%3A%2F%2Fregistry.npm.taobao.org%2F%40babel%2Ftypes%2Fdownload%2F%40babel%2Ftypes-7.10.5.tgz",
      "integrity": "sha1-2Irn4v3oa/v+hR1Nga+nCpl7XRU=",
      "requires": {
        "@babel/helper-validator-identifier": "^7.10.4",
        "lodash": "^4.17.19",
        "to-fast-properties": "^2.0.0"
      },
      "dependencies": {
        "to-fast-properties": {
          "version": "2.0.0",
          "resolved": "https://registry.npm.taobao.org/to-fast-properties/download/to-fast-properties-2.0.0.tgz?cache=0&sync_timestamp=1580550347606&other_urls=https%3A%2F%2Fregistry.npm.taobao.org%2Fto-fast-properties%2Fdownload%2Fto-fast-properties-2.0.0.tgz",
          "integrity": "sha1-3F5pjL0HkmW8c+A3doGk5Og/YW4="
        }
      }
    },
    "ansi-regex": {
      "version": "2.1.1",
      "resolved": "https://registry.npm.taobao.org/ansi-regex/download/ansi-regex-2.1.1.tgz",
      "integrity": "sha1-w7M6te42DYbg5ijwRorn7yfWVN8="
    },
    "ansi-styles": {
      "version": "2.2.1",
      "resolved": "https://registry.npm.taobao.org/ansi-styles/download/ansi-styles-2.2.1.tgz?cache=0&sync_timestamp=1577903718856&other_urls=https%3A%2F%2Fregistry.npm.taobao.org%2Fansi-styles%2Fdownload%2Fansi-styles-2.2.1.tgz",
      "integrity": "sha1-tDLdM1i2NM914eRmQ2gkBTPB3b4="
    },
    "babel-code-frame": {
      "version": "6.26.0",
      "resolved": "https://registry.npm.taobao.org/babel-code-frame/download/babel-code-frame-6.26.0.tgz",
      "integrity": "sha1-Y/1D99weO7fONZR9uP42mj9Yx0s=",
      "requires": {
        "chalk": "^1.1.3",
        "esutils": "^2.0.2",
        "js-tokens": "^3.0.2"
      }
    },
    "babel-messages": {
      "version": "6.23.0",
      "resolved": "https://registry.npm.taobao.org/babel-messages/download/babel-messages-6.23.0.tgz",
      "integrity": "sha1-8830cDhYA1sqKVHG7F7fbGLyYw4=",
      "requires": {
        "babel-runtime": "^6.22.0"
      }
    },
    "babel-plugin-syntax-decorators": {
      "version": "6.13.0",
      "resolved": "https://registry.npm.taobao.org/babel-plugin-syntax-decorators/download/babel-plugin-syntax-decorators-6.13.0.tgz",
      "integrity": "sha1-MSVjtNvePMgGzuPkFszurd0RrAs="
    },
    "babel-plugin-transform-decorators-legacy": {
      "version": "1.3.5",
      "resolved": "https://registry.npm.taobao.org/babel-plugin-transform-decorators-legacy/download/babel-plugin-transform-decorators-legacy-1.3.5.tgz",
      "integrity": "sha1-Dkkt/6Dt1wUpByiH+KqG1N2LQKE=",
      "requires": {
        "babel-plugin-syntax-decorators": "^6.1.18",
        "babel-runtime": "^6.2.0",
        "babel-template": "^6.3.0"
      }
    },
    "babel-runtime": {
      "version": "6.26.0",
      "resolved": "https://registry.npm.taobao.org/babel-runtime/download/babel-runtime-6.26.0.tgz?cache=0&other_urls=https%3A%2F%2Fregistry.npm.taobao.org%2Fbabel-runtime%2Fdownload%2Fbabel-runtime-6.26.0.tgz",
      "integrity": "sha1-llxwWGaOgrVde/4E/yM3vItWR/4=",
      "requires": {
        "core-js": "^2.4.0",
        "regenerator-runtime": "^0.11.0"
      }
    },
    "babel-template": {
      "version": "6.26.0",
      "resolved": "https://registry.npm.taobao.org/babel-template/download/babel-template-6.26.0.tgz",
      "integrity": "sha1-3gPi0WOWsGn0bdn/+FIfsaDjXgI=",
      "requires": {
        "babel-runtime": "^6.26.0",
        "babel-traverse": "^6.26.0",
        "babel-types": "^6.26.0",
        "babylon": "^6.18.0",
        "lodash": "^4.17.4"
      }
    },
    "babel-traverse": {
      "version": "6.26.0",
      "resolved": "https://registry.npm.taobao.org/babel-traverse/download/babel-traverse-6.26.0.tgz",
      "integrity": "sha1-RqnL1+3MYsjlwGTi0tjQ9ANXZu4=",
      "requires": {
        "babel-code-frame": "^6.26.0",
        "babel-messages": "^6.23.0",
        "babel-runtime": "^6.26.0",
        "babel-types": "^6.26.0",
        "babylon": "^6.18.0",
        "debug": "^2.6.8",
        "globals": "^9.18.0",
        "invariant": "^2.2.2",
        "lodash": "^4.17.4"
      }
    },
    "babel-types": {
      "version": "6.26.0",
      "resolved": "https://registry.npm.taobao.org/babel-types/download/babel-types-6.26.0.tgz",
      "integrity": "sha1-o7Bz+Uq0nrb6Vc1lInozQ4BjJJc=",
      "requires": {
        "babel-runtime": "^6.26.0",
        "esutils": "^2.0.2",
        "lodash": "^4.17.4",
        "to-fast-properties": "^1.0.3"
      }
    },
    "babylon": {
      "version": "6.18.0",
      "resolved": "https://registry.npm.taobao.org/babylon/download/babylon-6.18.0.tgz",
      "integrity": "sha1-ry87iPpvXB5MY00aD46sT1WzleM="
    },
    "chalk": {
      "version": "1.1.3",
      "resolved": "https://registry.npm.taobao.org/chalk/download/chalk-1.1.3.tgz?cache=0&sync_timestamp=1591687042638&other_urls=https%3A%2F%2Fregistry.npm.taobao.org%2Fchalk%2Fdownload%2Fchalk-1.1.3.tgz",
      "integrity": "sha1-qBFcVeSnAv5NFQq9OHKCKn4J/Jg=",
      "requires": {
        "ansi-styles": "^2.2.1",
        "escape-string-regexp": "^1.0.2",
        "has-ansi": "^2.0.0",
        "strip-ansi": "^3.0.0",
        "supports-color": "^2.0.0"
      }
    },
    "color-convert": {
      "version": "1.9.3",
      "resolved": "https://registry.npm.taobao.org/color-convert/download/color-convert-1.9.3.tgz",
      "integrity": "sha1-u3GFBpDh8TZWfeYp0tVHHe2kweg=",
      "requires": {
        "color-name": "1.1.3"
      }
    },
    "color-name": {
      "version": "1.1.3",
      "resolved": "https://registry.npm.taobao.org/color-name/download/color-name-1.1.3.tgz",
      "integrity": "sha1-p9BVi9icQveV3UIyj3QIMcpTvCU="
    },
    "core-js": {
      "version": "2.6.11",
      "resolved": "https://registry.npm.taobao.org/core-js/download/core-js-2.6.11.tgz",
      "integrity": "sha1-OIMUafmSK97Y7iHJ3EaYXgOZMIw="
    },
    "debug": {
      "version": "2.6.9",
      "resolved": "https://registry.npm.taobao.org/debug/download/debug-2.6.9.tgz",
      "integrity": "sha1-XRKFFd8TT/Mn6QpMk/Tgd6U2NB8=",
      "requires": {
        "ms": "2.0.0"
      }
    },
    "escape-string-regexp": {
      "version": "1.0.5",
      "resolved": "https://registry.npm.taobao.org/escape-string-regexp/download/escape-string-regexp-1.0.5.tgz",
      "integrity": "sha1-G2HAViGQqN/2rjuyzwIAyhMLhtQ="
    },
    "esutils": {
      "version": "2.0.3",
      "resolved": "https://registry.npm.taobao.org/esutils/download/esutils-2.0.3.tgz",
      "integrity": "sha1-dNLrTeC42hKTcRkQ1Qd1ubcQ72Q="
    },
    "globals": {
      "version": "9.18.0",
      "resolved": "https://registry.npm.taobao.org/globals/download/globals-9.18.0.tgz",
      "integrity": "sha1-qjiWs+abSH8X4x7SFD1pqOMMLYo="
    },
    "has-ansi": {
      "version": "2.0.0",
      "resolved": "https://registry.npm.taobao.org/has-ansi/download/has-ansi-2.0.0.tgz",
      "integrity": "sha1-NPUEnOHs3ysGSa8+8k5F7TVBbZE=",
      "requires": {
        "ansi-regex": "^2.0.0"
      }
    },
    "has-flag": {
      "version": "3.0.0",
      "resolved": "https://registry.npm.taobao.org/has-flag/download/has-flag-3.0.0.tgz",
      "integrity": "sha1-tdRU3CGZriJWmfNGfloH87lVuv0="
    },
    "invariant": {
      "version": "2.2.4",
      "resolved": "https://registry.npm.taobao.org/invariant/download/invariant-2.2.4.tgz",
      "integrity": "sha1-YQ88ksk1nOHbYW5TgAjSP/NRWOY=",
      "requires": {
        "loose-envify": "^1.0.0"
      }
    },
    "js-tokens": {
      "version": "3.0.2",
      "resolved": "https://registry.npm.taobao.org/js-tokens/download/js-tokens-3.0.2.tgz",
      "integrity": "sha1-mGbfOVECEw449/mWvOtlRDIJwls="
    },
    "jsesc": {
      "version": "2.5.2",
      "resolved": "https://registry.npm.taobao.org/jsesc/download/jsesc-2.5.2.tgz",
      "integrity": "sha1-gFZNLkg9rPbo7yCWUKZ98/DCg6Q="
    },
    "lodash": {
      "version": "4.17.19",
      "resolved": "https://registry.npm.taobao.org/lodash/download/lodash-4.17.19.tgz?cache=0&sync_timestamp=1594226832494&other_urls=https%3A%2F%2Fregistry.npm.taobao.org%2Flodash%2Fdownload%2Flodash-4.17.19.tgz",
      "integrity": "sha1-5I3e2+MLMyF4PFtDAfvTU7weSks="
    },
    "loose-envify": {
      "version": "1.4.0",
      "resolved": "https://registry.npm.taobao.org/loose-envify/download/loose-envify-1.4.0.tgz",
      "integrity": "sha1-ce5R+nvkyuwaY4OffmgtgTLTDK8=",
      "requires": {
        "js-tokens": "^3.0.0 || ^4.0.0"
      }
    },
    "ms": {
      "version": "2.0.0",
      "resolved": "https://registry.npm.taobao.org/ms/download/ms-2.0.0.tgz",
      "integrity": "sha1-VgiurfwAvmwpAd9fmGF4jeDVl8g="
    },
    "regenerator-runtime": {
      "version": "0.11.1",
      "resolved": "https://registry.npm.taobao.org/regenerator-runtime/download/regenerator-runtime-0.11.1.tgz",
      "integrity": "sha1-vgWtf5v30i4Fb5cmzuUBf78Z4uk="
    },
    "source-map": {
      "version": "0.5.7",
      "resolved": "https://registry.npm.taobao.org/source-map/download/source-map-0.5.7.tgz",
      "integrity": "sha1-igOdLRAh0i0eoUyA2OpGi6LvP8w="
    },
    "strip-ansi": {
      "version": "3.0.1",
      "resolved": "https://registry.npm.taobao.org/strip-ansi/download/strip-ansi-3.0.1.tgz?cache=0&sync_timestamp=1573280549549&other_urls=https%3A%2F%2Fregistry.npm.taobao.org%2Fstrip-ansi%2Fdownload%2Fstrip-ansi-3.0.1.tgz",
      "integrity": "sha1-ajhfuIU9lS1f8F0Oiq+UJ43GPc8=",
      "requires": {
        "ansi-regex": "^2.0.0"
      }
    },
    "supports-color": {
      "version": "2.0.0",
      "resolved": "https://registry.npm.taobao.org/supports-color/download/supports-color-2.0.0.tgz",
      "integrity": "sha1-U10EXOa2Nj+kARcIRimZXp3zJMc="
    },
    "to-fast-properties": {
      "version": "1.0.3",
      "resolved": "https://registry.npm.taobao.org/to-fast-properties/download/to-fast-properties-1.0.3.tgz?cache=0&sync_timestamp=1580550347606&other_urls=https%3A%2F%2Fregistry.npm.taobao.org%2Fto-fast-properties%2Fdownload%2Fto-fast-properties-1.0.3.tgz",
      "integrity": "sha1-uDVx+k2MJbguIxsG46MFXeTKGkc="
    }
  }
}
