{
  "name": "latextosvg",
  "version": "1.0.0",
  "lockfileVersion": 1,
  "requires": true,
  "dependencies": {
    "@types/q": {
      "version": "1.5.4",
      "resolved": "http://npm.baijia.com/@types%2fq/-/q-1.5.4.tgz",
      "integrity": "sha1-FZJUFOCtLNdlv+9YhC9+JqesyyQ="
    },
    "@types/svgo": {
      "version": "1.3.3",
      "resolved": "http://npm.baijia.com/@types%2fsvgo/-/svgo-1.3.3.tgz",
      "integrity": "sha1-RoSvJltOESXHOPWqr7MCxyP07+A="
    },
    "ansi-styles": {
      "version": "3.2.1",
      "resolved": "http://npm.baijia.com/ansi-styles/-/ansi-styles-3.2.1.tgz",
      "integrity": "sha1-QfuyAkPlCxK+DwS43tvwdSDOhB0=",
      "requires": {
        "color-convert": "^1.9.0"
      }
    },
    "argparse": {
      "version": "1.0.10",
      "resolved": "http://npm.baijia.com/argparse/-/argparse-1.0.10.tgz",
      "integrity": "sha1-vNZ5HqWuCXJeF+WtmIE0zUCz2RE=",
      "requires": {
        "sprintf-js": "~1.0.2"
      }
    },
    "boolbase": {
      "version": "1.0.0",
      "resolved": "http://npm.baijia.com/boolbase/-/boolbase-1.0.0.tgz",
      "integrity": "sha1-aN/1++YMUes3cl6p4+0xDcwed24="
    },
    "call-bind": {
      "version": "1.0.2",
      "resolved": "http://npm.baijia.com/call-bind/-/call-bind-1.0.2.tgz",
      "integrity": "sha1-sdTonmiBGcPJqQOtMKuy9qkZvjw=",
      "requires": {
        "function-bind": "^1.1.1",
        "get-intrinsic": "^1.0.2"
      }
    },
    "chalk": {
      "version": "2.4.2",
      "resolved": "http://npm.baijia.com/chalk/-/chalk-2.4.2.tgz",
      "integrity": "sha1-zUJUFnelQzPPVBpJEIwUMrRMlCQ=",
      "requires": {
        "ansi-styles": "^3.2.1",
        "escape-string-regexp": "^1.0.5",
        "supports-color": "^5.3.0"
      }
    },
    "coa": {
      "version": "2.0.2",
      "resolved": "http://npm.baijia.com/coa/-/coa-2.0.2.tgz",
      "integrity": "sha1-Q/bCEVG07yv1cYfbDXPeIp4+fsM=",
      "requires": {
        "@types/q": "^1.5.1",
        "chalk": "^2.4.1",
        "q": "^1.1.2"
      }
    },
    "color-convert": {
      "version": "1.9.3",
      "resolved": "http://npm.baijia.com/color-convert/-/color-convert-1.9.3.tgz",
      "integrity": "sha1-u3GFBpDh8TZWfeYp0tVHHe2kweg=",
      "requires": {
        "color-name": "1.1.3"
      }
    },
    "color-name": {
      "version": "1.1.3",
      "resolved": "http://npm.baijia.com/color-name/-/color-name-1.1.3.tgz",
      "integrity": "sha1-p9BVi9icQveV3UIyj3QIMcpTvCU="
    },
    "css-select": {
      "version": "2.1.0",
      "resolved": "http://npm.baijia.com/css-select/-/css-select-2.1.0.tgz",
      "integrity": "sha1-ajRlM1ZjWTSoG6ymjQJVQyEF2+8=",
      "requires": {
        "boolbase": "^1.0.0",
        "css-what": "^3.2.1",
        "domutils": "^1.7.0",
        "nth-check": "^1.0.2"
      }
    },
    "css-select-base-adapter": {
      "version": "0.1.1",
      "resolved": "http://npm.baijia.com/css-select-base-adapter/-/css-select-base-adapter-0.1.1.tgz",
      "integrity": "sha1-Oy/0lyzDYquIVhUHqVQIoUMhNdc="
    },
    "css-tree": {
      "version": "1.0.0-alpha.37",
      "resolved": "http://npm.baijia.com/css-tree/-/css-tree-1.0.0-alpha.37.tgz",
      "integrity": "sha1-mL69YsTB2flg7DQM+fdSLjBwmiI=",
      "requires": {
        "mdn-data": "2.0.4",
        "source-map": "^0.6.1"
      }
    },
    "css-what": {
      "version": "3.4.2",
      "resolved": "http://npm.baijia.com/css-what/-/css-what-3.4.2.tgz",
      "integrity": "sha1-6nAm/LAXd+295SEk4h8yfnrpUOQ="
    },
    "csso": {
      "version": "4.2.0",
      "resolved": "http://npm.baijia.com/csso/-/csso-4.2.0.tgz",
      "integrity": "sha1-6jpWE0bo3J9UbW/r7dUBh884lSk=",
      "requires": {
        "css-tree": "^1.1.2"
      },
      "dependencies": {
        "css-tree": {
          "version": "1.1.3",
          "resolved": "http://npm.baijia.com/css-tree/-/css-tree-1.1.3.tgz",
          "integrity": "sha1-60hw+2/XcHMn7JXC/yqwm16NuR0=",
          "requires": {
            "mdn-data": "2.0.14",
            "source-map": "^0.6.1"
          }
        },
        "mdn-data": {
          "version": "2.0.14",
          "resolved": "http://npm.baijia.com/mdn-data/-/mdn-data-2.0.14.tgz",
          "integrity": "sha1-cRP8QoGRfWPOKbQ0RvcB5owlulA="
        }
      }
    },
    "define-properties": {
      "version": "1.1.3",
      "resolved": "http://npm.baijia.com/define-properties/-/define-properties-1.1.3.tgz",
      "integrity": "sha1-z4jabL7ib+bbcJT2HYcMvYTO6fE=",
      "requires": {
        "object-keys": "^1.0.12"
      }
    },
    "dom-serializer": {
      "version": "0.2.2",
      "resolved": "http://npm.baijia.com/dom-serializer/-/dom-serializer-0.2.2.tgz",
      "integrity": "sha1-GvuB9TNxcXXUeGVd68XjMtn5u1E=",
      "requires": {
        "domelementtype": "^2.0.1",
        "entities": "^2.0.0"
      },
      "dependencies": {
        "domelementtype": {
          "version": "2.2.0",
          "resolved": "http://npm.baijia.com/domelementtype/-/domelementtype-2.2.0.tgz",
          "integrity": "sha1-mgtsJ4LtahxzI9QiZxg9+b2LHVc="
        }
      }
    },
    "domelementtype": {
      "version": "1.3.1",
      "resolved": "http://npm.baijia.com/domelementtype/-/domelementtype-1.3.1.tgz",
      "integrity": "sha1-0EjESzew0Qp/Kj1f7j9DM9eQSB8="
    },
    "domutils": {
      "version": "1.7.0",
      "resolved": "http://npm.baijia.com/domutils/-/domutils-1.7.0.tgz",
      "integrity": "sha1-Vuo0HoNOBuZ0ivehyyXaZ+qfjCo=",
      "requires": {
        "dom-serializer": "0",
        "domelementtype": "1"
      }
    },
    "entities": {
      "version": "2.2.0",
      "resolved": "http://npm.baijia.com/entities/-/entities-2.2.0.tgz",
      "integrity": "sha1-CY3JDruD2N/6CJ1VJWs1HTTE2lU="
    },
    "es-abstract": {
      "version": "1.18.3",
      "resolved": "http://npm.baijia.com/es-abstract/-/es-abstract-1.18.3.tgz",
      "integrity": "sha1-JcTDOAonqiA8RLK2hbupTaMbY+A=",
      "requires": {
        "call-bind": "^1.0.2",
        "es-to-primitive": "^1.2.1",
        "function-bind": "^1.1.1",
        "get-intrinsic": "^1.1.1",
        "has": "^1.0.3",
        "has-symbols": "^1.0.2",
        "is-callable": "^1.2.3",
        "is-negative-zero": "^2.0.1",
        "is-regex": "^1.1.3",
        "is-string": "^1.0.6",
        "object-inspect": "^1.10.3",
        "object-keys": "^1.1.1",
        "object.assign": "^4.1.2",
        "string.prototype.trimend": "^1.0.4",
        "string.prototype.trimstart": "^1.0.4",
        "unbox-primitive": "^1.0.1"
      }
    },
    "es-to-primitive": {
      "version": "1.2.1",
      "resolved": "http://npm.baijia.com/es-to-primitive/-/es-to-primitive-1.2.1.tgz",
      "integrity": "sha1-5VzUyc3BiLzvsDs2bHNjI/xciYo=",
      "requires": {
        "is-callable": "^1.1.4",
        "is-date-object": "^1.0.1",
        "is-symbol": "^1.0.2"
      }
    },
    "escape-string-regexp": {
      "version": "1.0.5",
      "resolved": "http://npm.baijia.com/escape-string-regexp/-/escape-string-regexp-1.0.5.tgz",
      "integrity": "sha1-G2HAViGQqN/2rjuyzwIAyhMLhtQ="
    },
    "esprima": {
      "version": "4.0.1",
      "resolved": "http://npm.baijia.com/esprima/-/esprima-4.0.1.tgz",
      "integrity": "sha1-E7BM2z5sXRnfkatph6hpVhmwqnE="
    },
    "function-bind": {
      "version": "1.1.1",
      "resolved": "http://npm.baijia.com/function-bind/-/function-bind-1.1.1.tgz",
      "integrity": "sha1-pWiZ0+o8m6uHS7l3O3xe3pL0iV0="
    },
    "get-intrinsic": {
      "version": "1.1.1",
      "resolved": "http://npm.baijia.com/get-intrinsic/-/get-intrinsic-1.1.1.tgz",
      "integrity": "sha1-FfWfN2+FXERpY5SPDSTNNje0q8Y=",
      "requires": {
        "function-bind": "^1.1.1",
        "has": "^1.0.3",
        "has-symbols": "^1.0.1"
      }
    },
    "has": {
      "version": "1.0.3",
      "resolved": "http://npm.baijia.com/has/-/has-1.0.3.tgz",
      "integrity": "sha1-ci18v8H2qoJB8W3YFOAR4fQeh5Y=",
      "requires": {
        "function-bind": "^1.1.1"
      }
    },
    "has-bigints": {
      "version": "1.0.1",
      "resolved": "http://npm.baijia.com/has-bigints/-/has-bigints-1.0.1.tgz",
      "integrity": "sha1-ZP5qywIGc+O3jbA1pa9pqp0HsRM="
    },
    "has-flag": {
      "version": "3.0.0",
      "resolved": "http://npm.baijia.com/has-flag/-/has-flag-3.0.0.tgz",
      "integrity": "sha1-tdRU3CGZriJWmfNGfloH87lVuv0="
    },
    "has-symbols": {
      "version": "1.0.2",
      "resolved": "http://npm.baijia.com/has-symbols/-/has-symbols-1.0.2.tgz",
      "integrity": "sha1-Fl0wcMADCXUqEjakeTMeOsVvFCM="
    },
    "is-bigint": {
      "version": "1.0.2",
      "resolved": "http://npm.baijia.com/is-bigint/-/is-bigint-1.0.2.tgz",
      "integrity": "sha1-/7OBRCUDI1rSReqJ5Fs9v/BA7lo="
    },
    "is-boolean-object": {
      "version": "1.1.1",
      "resolved": "http://npm.baijia.com/is-boolean-object/-/is-boolean-object-1.1.1.tgz",
      "integrity": "sha1-PAh48DXLghIo01DS4eNnGXFqPeg=",
      "requires": {
        "call-bind": "^1.0.2"
      }
    },
    "is-callable": {
      "version": "1.2.3",
      "resolved": "http://npm.baijia.com/is-callable/-/is-callable-1.2.3.tgz",
      "integrity": "sha1-ix4FALc6HXbHBIdjbzaOUZ3o244="
    },
    "is-date-object": {
      "version": "1.0.4",
      "resolved": "http://npm.baijia.com/is-date-object/-/is-date-object-1.0.4.tgz",
      "integrity": "sha1-VQz8wDr62gXuo90wmBx7CVUfc+U="
    },
    "is-negative-zero": {
      "version": "2.0.1",
      "resolved": "http://npm.baijia.com/is-negative-zero/-/is-negative-zero-2.0.1.tgz",
      "integrity": "sha1-PedGwY3aIxkkGlNnWQjY92bxHCQ="
    },
    "is-number-object": {
      "version": "1.0.5",
      "resolved": "http://npm.baijia.com/is-number-object/-/is-number-object-1.0.5.tgz",
      "integrity": "sha1-bt+u7XlQz/Ga/tzp+/yp7m3Sies="
    },
    "is-regex": {
      "version": "1.1.3",
      "resolved": "http://npm.baijia.com/is-regex/-/is-regex-1.1.3.tgz",
      "integrity": "sha1-0Cn5r/ZEi5Prvj8z2scVEf3L758=",
      "requires": {
        "call-bind": "^1.0.2",
        "has-symbols": "^1.0.2"
      }
    },
    "is-string": {
      "version": "1.0.6",
      "resolved": "http://npm.baijia.com/is-string/-/is-string-1.0.6.tgz",
      "integrity": "sha1-P+XVmS+w2TQE8yWE1LAXmnG1Sl8="
    },
    "is-symbol": {
      "version": "1.0.4",
      "resolved": "http://npm.baijia.com/is-symbol/-/is-symbol-1.0.4.tgz",
      "integrity": "sha1-ptrJO2NbBjymhyI23oiRClevE5w=",
      "requires": {
        "has-symbols": "^1.0.2"
      }
    },
    "js-yaml": {
      "version": "3.14.1",
      "resolved": "http://npm.baijia.com/js-yaml/-/js-yaml-3.14.1.tgz",
      "integrity": "sha1-2ugS/bOCX6MGYJqHFzg8UMNqBTc=",
      "requires": {
        "argparse": "^1.0.7",
        "esprima": "^4.0.0"
      }
    },
    "mathjax": {
      "version": "3.1.0",
      "resolved": "http://npm.baijia.com/mathjax/-/mathjax-3.1.0.tgz",
      "integrity": "sha1-ir/lMozydxswg8eqoP5lxRsI0JA="
    },
    "mdn-data": {
      "version": "2.0.4",
      "resolved": "http://npm.baijia.com/mdn-data/-/mdn-data-2.0.4.tgz",
      "integrity": "sha1-aZs8OKxvHXKAkaZGULZdOIUC/Vs="
    },
    "minimist": {
      "version": "1.2.5",
      "resolved": "http://npm.baijia.com/minimist/-/minimist-1.2.5.tgz",
      "integrity": "sha1-Z9ZgFLZqaoqqDAg8X9WN9OTpdgI="
    },
    "mkdirp": {
      "version": "0.5.5",
      "resolved": "http://npm.baijia.com/mkdirp/-/mkdirp-0.5.5.tgz",
      "integrity": "sha1-2Rzv1i0UNsoPQWIOJRKI1CAJne8=",
      "requires": {
        "minimist": "^1.2.5"
      }
    },
    "nth-check": {
      "version": "1.0.2",
      "resolved": "http://npm.baijia.com/nth-check/-/nth-check-1.0.2.tgz",
      "integrity": "sha1-sr0pXDfj3VijvwcAN2Zjuk2c8Fw=",
      "requires": {
        "boolbase": "~1.0.0"
      }
    },
    "object-inspect": {
      "version": "1.10.3",
      "resolved": "http://npm.baijia.com/object-inspect/-/object-inspect-1.10.3.tgz",
      "integrity": "sha1-wqp9LQn1DJk3VwT3oK3yTFeC02k="
    },
    "object-keys": {
      "version": "1.1.1",
      "resolved": "http://npm.baijia.com/object-keys/-/object-keys-1.1.1.tgz",
      "integrity": "sha1-HEfyct8nfzsdrwYWd9nILiMixg4="
    },
    "object.assign": {
      "version": "4.1.2",
      "resolved": "http://npm.baijia.com/object.assign/-/object.assign-4.1.2.tgz",
      "integrity": "sha1-DtVKNC7Os3s4/3brgxoOeIy2OUA=",
      "requires": {
        "call-bind": "^1.0.0",
        "define-properties": "^1.1.3",
        "has-symbols": "^1.0.1",
        "object-keys": "^1.1.1"
      }
    },
    "object.getownpropertydescriptors": {
      "version": "2.1.2",
      "resolved": "http://npm.baijia.com/object.getownpropertydescriptors/-/object.getownpropertydescriptors-2.1.2.tgz",
      "integrity": "sha1-G9Y66s8NXS0vMbXjk7A6fGAaI/c=",
      "requires": {
        "call-bind": "^1.0.2",
        "define-properties": "^1.1.3",
        "es-abstract": "^1.18.0-next.2"
      }
    },
    "object.values": {
      "version": "1.1.4",
      "resolved": "http://npm.baijia.com/object.values/-/object.values-1.1.4.tgz",
      "integrity": "sha1-DSc3YoM+gWtpOmN9MAc+cFFTWzA=",
      "requires": {
        "call-bind": "^1.0.2",
        "define-properties": "^1.1.3",
        "es-abstract": "^1.18.2"
      }
    },
    "q": {
      "version": "1.5.1",
      "resolved": "http://npm.baijia.com/q/-/q-1.5.1.tgz",
      "integrity": "sha1-fjL3W0E4EpHQRhHxvxQQmsAGUdc="
    },
    "sax": {
      "version": "1.2.4",
      "resolved": "http://npm.baijia.com/sax/-/sax-1.2.4.tgz",
      "integrity": "sha1-KBYjTiN4vdxOU1T6tcqold9xANk="
    },
    "source-map": {
      "version": "0.6.1",
      "resolved": "http://npm.baijia.com/source-map/-/source-map-0.6.1.tgz",
      "integrity": "sha1-dHIq8y6WFOnCh6jQu95IteLxomM="
    },
    "sprintf-js": {
      "version": "1.0.3",
      "resolved": "http://npm.baijia.com/sprintf-js/-/sprintf-js-1.0.3.tgz",
      "integrity": "sha1-BOaSb2YolTVPPdAVIDYzuFcpfiw="
    },
    "stable": {
      "version": "0.1.8",
      "resolved": "http://npm.baijia.com/stable/-/stable-0.1.8.tgz",
      "integrity": "sha1-g26zyDgv4pNv6vVEYxAXzn1Ho88="
    },
    "string.prototype.trimend": {
      "version": "1.0.4",
      "resolved": "http://npm.baijia.com/string.prototype.trimend/-/string.prototype.trimend-1.0.4.tgz",
      "integrity": "sha1-51rpDClCxjUEaGwYsoe0oLGkX4A=",
      "requires": {
        "call-bind": "^1.0.2",
        "define-properties": "^1.1.3"
      }
    },
    "string.prototype.trimstart": {
      "version": "1.0.4",
      "resolved": "http://npm.baijia.com/string.prototype.trimstart/-/string.prototype.trimstart-1.0.4.tgz",
      "integrity": "sha1-s2OZr0qymZtMnGSL16P7K7Jv7u0=",
      "requires": {
        "call-bind": "^1.0.2",
        "define-properties": "^1.1.3"
      }
    },
    "supports-color": {
      "version": "5.5.0",
      "resolved": "http://npm.baijia.com/supports-color/-/supports-color-5.5.0.tgz",
      "integrity": "sha1-4uaaRKyHcveKHsCzW2id9lMO/I8=",
      "requires": {
        "has-flag": "^3.0.0"
      }
    },
    "svgo": {
      "version": "1.3.2",
      "resolved": "http://npm.baijia.com/svgo/-/svgo-1.3.2.tgz",
      "integrity": "sha1-ttxRHAYzRsnkFbgeQ0ARRbltQWc=",
      "requires": {
        "chalk": "^2.4.1",
        "coa": "^2.0.2",
        "css-select": "^2.0.0",
        "css-select-base-adapter": "^0.1.1",
        "css-tree": "1.0.0-alpha.37",
        "csso": "^4.0.2",
        "js-yaml": "^3.13.1",
        "mkdirp": "~0.5.1",
        "object.values": "^1.1.0",
        "sax": "~1.2.4",
        "stable": "^0.1.8",
        "unquote": "~1.1.1",
        "util.promisify": "~1.0.0"
      }
    },
    "texsvg": {
      "version": "1.3.1",
      "resolved": "http://npm.baijia.com/texsvg/-/texsvg-1.3.1.tgz",
      "integrity": "sha1-4uFTvOZSS3WFySfpo8emjTVv86E=",
      "requires": {
        "@types/svgo": "1.3.3",
        "mathjax": "3.1.0",
        "svgo": "1.3.2"
      }
    },
    "unbox-primitive": {
      "version": "1.0.1",
      "resolved": "http://npm.baijia.com/unbox-primitive/-/unbox-primitive-1.0.1.tgz",
      "integrity": "sha1-CF4hViXsMWJXTciFmr7nilmxRHE=",
      "requires": {
        "function-bind": "^1.1.1",
        "has-bigints": "^1.0.1",
        "has-symbols": "^1.0.2",
        "which-boxed-primitive": "^1.0.2"
      }
    },
    "unquote": {
      "version": "1.1.1",
      "resolved": "http://npm.baijia.com/unquote/-/unquote-1.1.1.tgz",
      "integrity": "sha1-j97XMk7G6IoP+LkF58CYzcCG1UQ="
    },
    "util.promisify": {
      "version": "1.0.1",
      "resolved": "http://npm.baijia.com/util.promisify/-/util.promisify-1.0.1.tgz",
      "integrity": "sha1-a693dLgO6w91INi4HQeYKlmruu4=",
      "requires": {
        "define-properties": "^1.1.3",
        "es-abstract": "^1.17.2",
        "has-symbols": "^1.0.1",
        "object.getownpropertydescriptors": "^2.1.0"
      }
    },
    "which-boxed-primitive": {
      "version": "1.0.2",
      "resolved": "http://npm.baijia.com/which-boxed-primitive/-/which-boxed-primitive-1.0.2.tgz",
      "integrity": "sha1-E3V7yJsgmwSf5dhkMOIc9AqJqOY=",
      "requires": {
        "is-bigint": "^1.0.1",
        "is-boolean-object": "^1.1.0",
        "is-number-object": "^1.0.4",
        "is-string": "^1.0.5",
        "is-symbol": "^1.0.3"
      }
    }
  }
}
